Microsoft Visual Studio Solution File, Format Version 12.00
# Visual Studio 15
VisualStudioVersion = 15.0.26923.0
MinimumVisualStudioVersion = 10.0.40219.1
Project("{9A19103F-16F7-4668-BE54-9A1E7A4F7556}") = "FriendlyCSharp.Databases", "FriendlyCSharp.Databases\FriendlyCSharp.Databases.csproj", "{025F885E-8B28-410E-8059-EF5FE70EE1C7}"
EndProject
Project("{9A19103F-16F7-4668-BE54-9A1E7A4F7556}") = "BtnEnumerator.Multi.sample", "Samples\BtnEnumerator.Multi.sample\BtnEnumerator.Multi.sample.csproj", "{A8A0F38B-D324-4EC3-B87E-8731773E052C}"
EndProject
Project("{9A19103F-16F7-4668-BE54-9A1E7A4F7556}") = "FcsInmemStream.Multi.sample", "Samples\FcsInmemStream.Multi.sample\FcsInmemStream.Multi.sample.csproj", "{58D9270A-D1CF-4CB2-8A0F-222A99B906ED}"
EndProject
Project("{9A19103F-16F7-4668-BE54-9A1E7A4F7556}") = "FcsFastBTreeN.Multi.benchmark", "Samples\FcsFastBTreeN.Multi.benchmark\FcsFastBTreeN.Multi.benchmark.csproj", "{9EFD0AF3-3F32-4ECA-8D1B-A635928F278D}"
EndProject
Project("{9A19103F-16F7-4668-BE54-9A1E7A4F7556}") = "MultipleKeys.Multi.sample", "Samples\MultipleKeys.Multi.sample\MultipleKeys.Multi.sample.csproj", "{8438A9C7-1A14-46A6-9664-15FEBA8E108B}"
EndProject
Project("{2150E333-8FDC-42A3-9474-1A3956D46DE8}") = "Samples", "Samples", "{4657E7EB-D8BC-4ABA-BA7D-D977C684C2F4}"
EndProject
Project("{9A19103F-16F7-4668-BE54-9A1E7A4F7556}") = "DuplicityKeys.Multi.sample", "Samples\DuplicityKeys.Multi.sample\DuplicityKeys.Multi.sample.csproj", "{6D7333A7-D3D4-4655-B9AF-A79EDE7A8BCF}"
EndProject
Global
	GlobalSection(SolutionConfigurationPlatforms) = preSolution
		Debug|Any CPU = Debug|Any CPU
		Release|Any CPU = Release|Any CPU
	EndGlobalSection
	GlobalSection(ProjectConfigurationPlatforms) = postSolution
		{025F885E-8B28-410E-8059-EF5FE70EE1C7}.Debug|Any CPU.ActiveCfg = Debug|Any CPU
		{025F885E-8B28-410E-8059-EF5FE70EE1C7}.Debug|Any CPU.Build.0 = Debug|Any CPU
		{025F885E-8B28-410E-8059-EF5FE70EE1C7}.Release|Any CPU.ActiveCfg = Release|Any CPU
		{025F885E-8B28-410E-8059-EF5FE70EE1C7}.Release|Any CPU.Build.0 = Release|Any CPU
		{A8A0F38B-D324-4EC3-B87E-8731773E052C}.Debug|Any CPU.ActiveCfg = Debug|Any CPU
		{A8A0F38B-D324-4EC3-B87E-8731773E052C}.Debug|Any CPU.Build.0 = Debug|Any CPU
		{A8A0F38B-D324-4EC3-B87E-8731773E052C}.Release|Any CPU.ActiveCfg = Release|Any CPU
		{A8A0F38B-D324-4EC3-B87E-8731773E052C}.Release|Any CPU.Build.0 = Release|Any CPU
		{58D9270A-D1CF-4CB2-8A0F-222A99B906ED}.Debug|Any CPU.ActiveCfg = Debug|Any CPU
		{58D9270A-D1CF-4CB2-8A0F-222A99B906ED}.Debug|Any CPU.Build.0 = Debug|Any CPU
		{58D9270A-D1CF-4CB2-8A0F-222A99B906ED}.Release|Any CPU.ActiveCfg = Release|Any CPU
		{58D9270A-D1CF-4CB2-8A0F-222A99B906ED}.Release|Any CPU.Build.0 = Release|Any CPU
		{9EFD0AF3-3F32-4ECA-8D1B-A635928F278D}.Debug|Any CPU.ActiveCfg = Debug|Any CPU
		{9EFD0AF3-3F32-4ECA-8D1B-A635928F278D}.Debug|Any CPU.Build.0 = Debug|Any CPU
		{9EFD0AF3-3F32-4ECA-8D1B-A635928F278D}.Release|Any CPU.ActiveCfg = Release|Any CPU
		{9EFD0AF3-3F32-4ECA-8D1B-A635928F278D}.Release|Any CPU.Build.0 = Release|Any CPU
		{8438A9C7-1A14-46A6-9664-15FEBA8E108B}.Debug|Any CPU.ActiveCfg = Debug|Any CPU
		{8438A9C7-1A14-46A6-9664-15FEBA8E108B}.Debug|Any CPU.Build.0 = Debug|Any CPU
		{8438A9C7-1A14-46A6-9664-15FEBA8E108B}.Release|Any CPU.ActiveCfg = Release|Any CPU
		{8438A9C7-1A14-46A6-9664-15FEBA8E108B}.Release|Any CPU.Build.0 = Release|Any CPU
		{6D7333A7-D3D4-4655-B9AF-A79EDE7A8BCF}.Debug|Any CPU.ActiveCfg = Debug|Any CPU
		{6D7333A7-D3D4-4655-B9AF-A79EDE7A8BCF}.Debug|Any CPU.Build.0 = Debug|Any CPU
		{6D7333A7-D3D4-4655-B9AF-A79EDE7A8BCF}.Release|Any CPU.ActiveCfg = Release|Any CPU
		{6D7333A7-D3D4-4655-B9AF-A79EDE7A8BCF}.Release|Any CPU.Build.0 = Release|Any CPU
	EndGlobalSection
	GlobalSection(SolutionProperties) = preSolution
		HideSolutionNode = FALSE
	EndGlobalSection
	GlobalSection(NestedProjects) = preSolution
		{A8A0F38B-D324-4EC3-B87E-8731773E052C} = {4657E7EB-D8BC-4ABA-BA7D-D977C684C2F4}
		{58D9270A-D1CF-4CB2-8A0F-222A99B906ED} = {4657E7EB-D8BC-4ABA-BA7D-D977C684C2F4}
		{9EFD0AF3-3F32-4ECA-8D1B-A635928F278D} = {4657E7EB-D8BC-4ABA-BA7D-D977C684C2F4}
		{8438A9C7-1A14-46A6-9664-15FEBA8E108B} = {4657E7EB-D8BC-4ABA-BA7D-D977C684C2F4}
		{6D7333A7-D3D4-4655-B9AF-A79EDE7A8BCF} = {4657E7EB-D8BC-4ABA-BA7D-D977C684C2F4}
	EndGlobalSection
	GlobalSection(ExtensibilityGlobals) = postSolution
		SolutionGuid = {E25EA411-3B16-44B4-9FFA-A375A06F46F7}
	EndGlobalSection
EndGlobal
